
Microsoft Visual Studio Solution File, Format Version 12.00
# Visual Studio 15
VisualStudioVersion = 15.0.26430.15
MinimumVisualStudioVersion = 10.0.40219.1
Project("{2150E333-8FDC-42A3-9474-1A3956D46DE8}") = "src", "src", "{2120D201-2F37-44D3-B303-ED46DA0A8882}"
EndProject
Project("{2150E333-8FDC-42A3-9474-1A3956D46DE8}") = "tests", "tests", "{8BA4FF60-AA23-4870-8FE4-AB4A4C7EAE1E}"
EndProject
Project("{FAE04EC0-301F-11D3-BF4B-00C04F79EFBC}") = "Web.App", "src\Web.App\Web.App.csproj", "{32F0DD05-7F21-49E7-AC40-7A3D6C0D0DF0}"
EndProject
Project("{FAE04EC0-301F-11D3-BF4B-00C04F79EFBC}") = "Web.Ng", "src\Web.Ng\Web.Ng.csproj", "{6D1F4239-5359-4194-A056-3BD770495CF2}"
EndProject
Global
	GlobalSection(SolutionConfigurationPlatforms) = preSolution
		Debug|Any CPU = Debug|Any CPU
		Release|Any CPU = Release|Any CPU
	EndGlobalSection
	GlobalSection(ProjectConfigurationPlatforms) = postSolution
		{32F0DD05-7F21-49E7-AC40-7A3D6C0D0DF0}.Debug|Any CPU.ActiveCfg = Debug|Any CPU
		{32F0DD05-7F21-49E7-AC40-7A3D6C0D0DF0}.Debug|Any CPU.Build.0 = Debug|Any CPU
		{32F0DD05-7F21-49E7-AC40-7A3D6C0D0DF0}.Release|Any CPU.ActiveCfg = Release|Any CPU
		{32F0DD05-7F21-49E7-AC40-7A3D6C0D0DF0}.Release|Any CPU.Build.0 = Release|Any CPU
		{6D1F4239-5359-4194-A056-3BD770495CF2}.Debug|Any CPU.ActiveCfg = Debug|Any CPU
		{6D1F4239-5359-4194-A056-3BD770495CF2}.Debug|Any CPU.Build.0 = Debug|Any CPU
		{6D1F4239-5359-4194-A056-3BD770495CF2}.Release|Any CPU.ActiveCfg = Release|Any CPU
		{6D1F4239-5359-4194-A056-3BD770495CF2}.Release|Any CPU.Build.0 = Release|Any CPU
	EndGlobalSection
	GlobalSection(SolutionProperties) = preSolution
		HideSolutionNode = FALSE
	EndGlobalSection
	GlobalSection(NestedProjects) = preSolution
		{32F0DD05-7F21-49E7-AC40-7A3D6C0D0DF0} = {2120D201-2F37-44D3-B303-ED46DA0A8882}
		{6D1F4239-5359-4194-A056-3BD770495CF2} = {2120D201-2F37-44D3-B303-ED46DA0A8882}
	EndGlobalSection
EndGlobal
